
Microsoft Visual Studio Solution File, Format Version 12.00
# Visual Studio Version 17
VisualStudioVersion = 17.8.34330.188
MinimumVisualStudioVersion = 10.0.40219.1
Project("{9A19103F-16F7-4668-BE54-9A1E7A4F7556}") = "BookShopMVC", "BookShopMVC\BookShopMVC.csproj", "{02D8D364-B022-4351-AF7C-EFDA30CD48C9}"
EndProject
Project("{FAE04EC0-301F-11D3-BF4B-00C04F79EFBC}") = "BookShop.Model", "BookShop.Model\BookShop.Model.csproj", "{475B1D13-2CB7-4437-9E2E-B42A8B6B897A}"
EndProject
Project("{FAE04EC0-301F-11D3-BF4B-00C04F79EFBC}") = "BookShopDataAccess", "BookShopDataAcess\BookShopDataAccess.csproj", "{AB58936F-FBBA-4F4E-93F5-005FFB836836}"
EndProject
Project("{FAE04EC0-301F-11D3-BF4B-00C04F79EFBC}") = "BookShopMVC.Utility", "BookShopMVC.Utility\BookShopMVC.Utility.csproj", "{6274325A-24EF-4D77-9E6E-B76EDF37030E}"
EndProject
Global
	GlobalSection(SolutionConfigurationPlatforms) = preSolution
		Debug|Any CPU = Debug|Any CPU
		Release|Any CPU = Release|Any CPU
	EndGlobalSection
	GlobalSection(ProjectConfigurationPlatforms) = postSolution
		{02D8D364-B022-4351-AF7C-EFDA30CD48C9}.Debug|Any CPU.ActiveCfg = Debug|Any CPU
		{02D8D364-B022-4351-AF7C-EFDA30CD48C9}.Debug|Any CPU.Build.0 = Debug|Any CPU
		{02D8D364-B022-4351-AF7C-EFDA30CD48C9}.Release|Any CPU.ActiveCfg = Release|Any CPU
		{02D8D364-B022-4351-AF7C-EFDA30CD48C9}.Release|Any CPU.Build.0 = Release|Any CPU
		{475B1D13-2CB7-4437-9E2E-B42A8B6B897A}.Debug|Any CPU.ActiveCfg = Debug|Any CPU
		{475B1D13-2CB7-4437-9E2E-B42A8B6B897A}.Debug|Any CPU.Build.0 = Debug|Any CPU
		{475B1D13-2CB7-4437-9E2E-B42A8B6B897A}.Release|Any CPU.ActiveCfg = Release|Any CPU
		{475B1D13-2CB7-4437-9E2E-B42A8B6B897A}.Release|Any CPU.Build.0 = Release|Any CPU
		{AB58936F-FBBA-4F4E-93F5-005FFB836836}.Debug|Any CPU.ActiveCfg = Debug|Any CPU
		{AB58936F-FBBA-4F4E-93F5-005FFB836836}.Debug|Any CPU.Build.0 = Debug|Any CPU
		{AB58936F-FBBA-4F4E-93F5-005FFB836836}.Release|Any CPU.ActiveCfg = Release|Any CPU
		{AB58936F-FBBA-4F4E-93F5-005FFB836836}.Release|Any CPU.Build.0 = Release|Any CPU
		{6274325A-24EF-4D77-9E6E-B76EDF37030E}.Debug|Any CPU.ActiveCfg = Debug|Any CPU
		{6274325A-24EF-4D77-9E6E-B76EDF37030E}.Debug|Any CPU.Build.0 = Debug|Any CPU
		{6274325A-24EF-4D77-9E6E-B76EDF37030E}.Release|Any CPU.ActiveCfg = Release|Any CPU
		{6274325A-24EF-4D77-9E6E-B76EDF37030E}.Release|Any CPU.Build.0 = Release|Any CPU
	EndGlobalSection
	GlobalSection(SolutionProperties) = preSolution
		HideSolutionNode = FALSE
	EndGlobalSection
	GlobalSection(ExtensibilityGlobals) = postSolution
		SolutionGuid = {84950ADA-8A5D-448C-AFEB-B55FF85C86CC}
	EndGlobalSection
EndGlobal
